{
    "_meta": {
        "hash": {
            "sha256": "616bbe232af9b8e95ef05ebffe0ebd9074f4b2637245b0ecf054d95ef5eb61c5"
        },
        "pipfile-spec": 6,
        "requires": {
            "python_version": "3.7"
        },
        "sources": [
            {
                "name": "pypi",
                "url": "https://pypi.org/simple",
                "verify_ssl": true
            }
        ]
    },
    "default": {
        "molmass": {
            "hashes": [
                "sha256:44b5b8d93f2c851a7338a4a63282cceb95251386c642a8f935d3238846d8d2af",
                "sha256:85533243d5b03113a6046440fe8c22fda7e5b5cb2ad3302d99fef0e4920b00f3"
            ],
            "index": "pypi",
            "version": "==2020.1.1"
        }
    },
    "develop": {}
}
